# This is a Gradle generated file for dependency locking.
# Manual edits can break the build and are not advised.
# This file is expected to be part of source control.
cglib:cglib-nodep:3.3.0=testRuntimeClasspath
com.beust:jcommander:1.82=detekt
com.lordcodes.turtle:turtle:0.7.0=compileClasspath,implementationDependenciesMetadata,runtimeClasspath,testCompileClasspath,testImplementationDependenciesMetadata,testRuntimeClasspath
io.github.detekt.sarif4k:sarif4k:0.0.1=detekt
io.gitlab.arturbosch.detekt:detekt-api:1.20.0=detekt
io.gitlab.arturbosch.detekt:detekt-cli:1.20.0=detekt
io.gitlab.arturbosch.detekt:detekt-core:1.20.0=detekt
io.gitlab.arturbosch.detekt:detekt-metrics:1.20.0=detekt
io.gitlab.arturbosch.detekt:detekt-parser:1.20.0=detekt
io.gitlab.arturbosch.detekt:detekt-psi-utils:1.20.0=detekt
io.gitlab.arturbosch.detekt:detekt-report-html:1.20.0=detekt
io.gitlab.arturbosch.detekt:detekt-report-sarif:1.20.0=detekt
io.gitlab.arturbosch.detekt:detekt-report-txt:1.20.0=detekt
io.gitlab.arturbosch.detekt:detekt-report-xml:1.20.0=detekt
io.gitlab.arturbosch.detekt:detekt-rules-complexity:1.20.0=detekt
io.gitlab.arturbosch.detekt:detekt-rules-coroutines:1.20.0=detekt
io.gitlab.arturbosch.detekt:detekt-rules-documentation:1.20.0=detekt
io.gitlab.arturbosch.detekt:detekt-rules-empty:1.20.0=detekt
io.gitlab.arturbosch.detekt:detekt-rules-errorprone:1.20.0=detekt
io.gitlab.arturbosch.detekt:detekt-rules-exceptions:1.20.0=detekt
io.gitlab.arturbosch.detekt:detekt-rules-naming:1.20.0=detekt
io.gitlab.arturbosch.detekt:detekt-rules-performance:1.20.0=detekt
io.gitlab.arturbosch.detekt:detekt-rules-style:1.20.0=detekt
io.gitlab.arturbosch.detekt:detekt-rules:1.20.0=detekt
io.gitlab.arturbosch.detekt:detekt-tooling:1.20.0=detekt
io.gitlab.arturbosch.detekt:detekt-utils:1.20.0=detekt
net.bytebuddy:byte-buddy-agent:1.12.10=testCompileClasspath,testImplementationDependenciesMetadata,testRuntimeClasspath
net.bytebuddy:byte-buddy:1.12.10=testCompileClasspath,testImplementationDependenciesMetadata,testRuntimeClasspath
net.java.dev.jna:jna:5.6.0=detekt,kotlinCompilerClasspath,kotlinKlibCommonizerClasspath
org.apiguardian:apiguardian-api:1.1.2=testCompileClasspath,testImplementationDependenciesMetadata,testRuntimeOnlyDependenciesMetadata
org.assertj:assertj-core:3.20.2=testRuntimeClasspath
org.codehaus.groovy:groovy:3.0.9=testCompileClasspath,testImplementationDependenciesMetadata,testRuntimeClasspath
org.hamcrest:hamcrest:2.2=testCompileClasspath,testImplementationDependenciesMetadata,testRuntimeClasspath
org.jacoco:org.jacoco.agent:0.8.7=jacocoAgent,jacocoAnt
org.jacoco:org.jacoco.ant:0.8.7=jacocoAnt
org.jacoco:org.jacoco.core:0.8.7=jacocoAnt
org.jacoco:org.jacoco.report:0.8.7=jacocoAnt
org.jetbrains.intellij.deps:trove4j:1.0.20200330=detekt,kotlinCompilerClasspath,kotlinKlibCommonizerClasspath
org.jetbrains.kotlin:kotlin-compiler-embeddable:1.6.20=detekt
org.jetbrains.kotlin:kotlin-compiler-embeddable:1.7.10=kotlinCompilerClasspath,kotlinKlibCommonizerClasspath
org.jetbrains.kotlin:kotlin-daemon-embeddable:1.6.20=detekt
org.jetbrains.kotlin:kotlin-daemon-embeddable:1.7.10=kotlinCompilerClasspath,kotlinKlibCommonizerClasspath
org.jetbrains.kotlin:kotlin-klib-commonizer-embeddable:1.7.10=kotlinKlibCommonizerClasspath
org.jetbrains.kotlin:kotlin-reflect:1.6.20=detekt
org.jetbrains.kotlin:kotlin-reflect:1.7.10=kotlinCompilerClasspath,kotlinKlibCommonizerClasspath
org.jetbrains.kotlin:kotlin-script-runtime:1.6.20=detekt
org.jetbrains.kotlin:kotlin-script-runtime:1.7.10=kotlinCompilerClasspath,kotlinCompilerPluginClasspathMain,kotlinCompilerPluginClasspathTest,kotlinKlibCommonizerClasspath
org.jetbrains.kotlin:kotlin-scripting-common:1.7.10=kotlinCompilerPluginClasspathMain,kotlinCompilerPluginClasspathTest
org.jetbrains.kotlin:kotlin-scripting-compiler-embeddable:1.7.10=kotlinCompilerPluginClasspathMain,kotlinCompilerPluginClasspathTest
org.jetbrains.kotlin:kotlin-scripting-compiler-impl-embeddable:1.7.10=kotlinCompilerPluginClasspathMain,kotlinCompilerPluginClasspathTest
org.jetbrains.kotlin:kotlin-scripting-jvm:1.7.10=kotlinCompilerPluginClasspathMain,kotlinCompilerPluginClasspathTest
org.jetbrains.kotlin:kotlin-stdlib-common:1.6.20=detekt
org.jetbrains.kotlin:kotlin-stdlib-common:1.7.10=compileClasspath,implementationDependenciesMetadata,kotlinCompilerClasspath,kotlinCompilerPluginClasspathMain,kotlinCompilerPluginClasspathTest,kotlinKlibCommonizerClasspath,runtimeClasspath,testCompileClasspath,testImplementationDependenciesMetadata,testRuntimeClasspath
org.jetbrains.kotlin:kotlin-stdlib-jdk7:1.7.10=compileClasspath,implementationDependenciesMetadata,runtimeClasspath,testCompileClasspath,testImplementationDependenciesMetadata,testRuntimeClasspath
org.jetbrains.kotlin:kotlin-stdlib-jdk8:1.7.10=compileClasspath,implementationDependenciesMetadata,runtimeClasspath,testCompileClasspath,testImplementationDependenciesMetadata,testRuntimeClasspath
org.jetbrains.kotlin:kotlin-stdlib:1.6.20=detekt
org.jetbrains.kotlin:kotlin-stdlib:1.7.10=compileClasspath,implementationDependenciesMetadata,kotlinCompilerClasspath,kotlinCompilerPluginClasspathMain,kotlinCompilerPluginClasspathTest,kotlinKlibCommonizerClasspath,runtimeClasspath,testCompileClasspath,testImplementationDependenciesMetadata,testRuntimeClasspath
org.jetbrains.kotlinx:kotlinx-html-jvm:0.7.5=detekt
org.jetbrains.kotlinx:kotlinx-serialization-core-jvm:1.1.0=detekt
org.jetbrains.kotlinx:kotlinx-serialization-core:1.1.0=detekt
org.jetbrains.kotlinx:kotlinx-serialization-json-jvm:1.1.0=detekt
org.jetbrains.kotlinx:kotlinx-serialization-json:1.1.0=detekt
org.jetbrains:annotations:13.0=compileClasspath,detekt,implementationDependenciesMetadata,kotlinCompilerClasspath,kotlinCompilerPluginClasspathMain,kotlinCompilerPluginClasspathTest,kotlinKlibCommonizerClasspath,runtimeClasspath,testCompileClasspath,testImplementationDependenciesMetadata
org.jetbrains:annotations:20.1.0=testRuntimeClasspath
org.junit.jupiter:junit-jupiter-api:5.8.2=testCompileClasspath,testImplementationDependenciesMetadata,testRuntimeClasspath,testRuntimeOnlyDependenciesMetadata
org.junit.jupiter:junit-jupiter-engine:5.8.2=testRuntimeClasspath,testRuntimeOnlyDependenciesMetadata
org.junit.platform:junit-platform-commons:1.8.2=testCompileClasspath,testImplementationDependenciesMetadata,testRuntimeClasspath,testRuntimeOnlyDependenciesMetadata
org.junit.platform:junit-platform-engine:1.8.2=testCompileClasspath,testImplementationDependenciesMetadata,testRuntimeClasspath,testRuntimeOnlyDependenciesMetadata
org.junit.platform:junit-platform-launcher:1.8.2=testRuntimeClasspath
org.junit.platform:junit-platform-testkit:1.8.2=testRuntimeClasspath
org.junit:junit-bom:5.8.2=testCompileClasspath,testImplementationDependenciesMetadata,testRuntimeClasspath,testRuntimeOnlyDependenciesMetadata
org.mockito:mockito-core:4.6.1=testCompileClasspath,testImplementationDependenciesMetadata,testRuntimeClasspath
org.mockito:mockito-inline:4.6.1=testCompileClasspath,testImplementationDependenciesMetadata,testRuntimeClasspath
org.objenesis:objenesis:3.2=testRuntimeClasspath
org.opentest4j:opentest4j:1.2.0=testCompileClasspath,testImplementationDependenciesMetadata,testRuntimeClasspath,testRuntimeOnlyDependenciesMetadata
org.ow2.asm:asm-analysis:9.1=jacocoAnt
org.ow2.asm:asm-commons:9.1=jacocoAnt
org.ow2.asm:asm-tree:9.1=jacocoAnt
org.ow2.asm:asm:9.1=jacocoAnt
org.ow2.asm:asm:9.2=testRuntimeClasspath
org.spockframework:spock-core:2.2-M1-groovy-3.0=testCompileClasspath,testImplementationDependenciesMetadata,testRuntimeClasspath
org.yaml:snakeyaml:1.30=detekt
empty=annotationProcessor,apiDependenciesMetadata,compileOnlyDependenciesMetadata,detektPlugins,intransitiveDependenciesMetadata,kotlinCompilerPluginClasspath,kotlinNativeCompilerPluginClasspath,kotlinScriptDef,kotlinScriptDefExtensions,runtimeOnlyDependenciesMetadata,testAnnotationProcessor,testApiDependenciesMetadata,testCompileOnlyDependenciesMetadata,testIntransitiveDependenciesMetadata,testKotlinScriptDef,testKotlinScriptDefExtensions
